
Microsoft Visual Studio Solution File, Format Version 12.00
# Visual Studio Version 17
VisualStudioVersion = 17.3.32825.248
MinimumVisualStudioVersion = 10.0.40219.1
Project("{2150E333-8FDC-42A3-9474-1A3956D46DE8}") = "src", "src", "{4B7285A5-DB75-49F8-AC4B-EF279C9F0E0E}"
EndProject
Project("{2150E333-8FDC-42A3-9474-1A3956D46DE8}") = "Çözüm Öğeleri", "Çözüm Öğeleri", "{F91CEF4F-D312-488D-B50B-F54BE9354CAE}"
	ProjectSection(SolutionItems) = preProject
		ServiceURLs.txt = ServiceURLs.txt
	EndProjectSection
EndProject
Project("{2150E333-8FDC-42A3-9474-1A3956D46DE8}") = "ApiGetways", "ApiGetways", "{1E4ABA28-63E0-40E4-BC59-4BB9F30D1367}"
EndProject
Project("{2150E333-8FDC-42A3-9474-1A3956D46DE8}") = "BuildingBlocks", "BuildingBlocks", "{BFCB6453-9B43-42C9-BE81-362DF8C9ED3E}"
EndProject
Project("{2150E333-8FDC-42A3-9474-1A3956D46DE8}") = "Services", "Services", "{BD45102F-5FB1-481E-A7CA-FC5E5D848020}"
EndProject
Project("{2150E333-8FDC-42A3-9474-1A3956D46DE8}") = "Clients", "Clients", "{16926BE2-4039-4EDB-B476-0F87C3517A4C}"
EndProject
Project("{2150E333-8FDC-42A3-9474-1A3956D46DE8}") = "Web", "Web", "{EED0CE3D-8BE1-4617-9272-4ABC23D43138}"
EndProject
Project("{FAE04EC0-301F-11D3-BF4B-00C04F79EFBC}") = "Web.ApiGetway", "src\ApiGetways\Web\Web.ApiGetway\Web.ApiGetway.csproj", "{097EA7F4-319B-448E-A320-D43A71D9F4B3}"
EndProject
Project("{2150E333-8FDC-42A3-9474-1A3956D46DE8}") = "EventBus", "EventBus", "{948AD1F0-5C70-49BF-8005-EBF91122A826}"
EndProject
Project("{FAE04EC0-301F-11D3-BF4B-00C04F79EFBC}") = "EventBus.Base", "src\BuildingBlocks\EventBus\EventBus.Base\EventBus.Base.csproj", "{EE66640B-5F67-41B6-BA6F-5B2CD29164D1}"
EndProject
Project("{FAE04EC0-301F-11D3-BF4B-00C04F79EFBC}") = "EventBus.Factory", "src\BuildingBlocks\EventBus\EventBus.Factory\EventBus.Factory.csproj", "{85465334-C23A-4923-9C1B-3EECECD4FDFE}"
EndProject
Project("{FAE04EC0-301F-11D3-BF4B-00C04F79EFBC}") = "EventBus.AzureServiceBus", "src\BuildingBlocks\EventBus\EventBus.AzureServiceBus\EventBus.AzureServiceBus.csproj", "{6FF8279C-8954-47BF-949E-0C4C2096ACDA}"
EndProject
Project("{FAE04EC0-301F-11D3-BF4B-00C04F79EFBC}") = "EventBus.RabbitMQ", "src\BuildingBlocks\EventBus\EventBus.RabbitMQ\EventBus.RabbitMQ.csproj", "{F0108CF7-2DE2-4726-941E-52C87FB17BB0}"
EndProject
Project("{2150E333-8FDC-42A3-9474-1A3956D46DE8}") = "BlazorWebApp", "BlazorWebApp", "{6FAC6888-9F28-42B2-A8DB-925B94C1A6DA}"
EndProject
Project("{FAE04EC0-301F-11D3-BF4B-00C04F79EFBC}") = "WebApp", "src\Clients\BlazorWebApp\WebApp\WebApp.csproj", "{E78934B7-89F4-4E7D-8E42-755E67DA4AF8}"
EndProject
Project("{2150E333-8FDC-42A3-9474-1A3956D46DE8}") = "BasketServices", "BasketServices", "{C2705D8A-A6C0-43A5-9EC1-6A879A435B0D}"
EndProject
Project("{FAE04EC0-301F-11D3-BF4B-00C04F79EFBC}") = "BasketService.Api", "src\Services\BasketServices\BasketService.Api\BasketService.Api.csproj", "{A7D0FF5D-BBA4-49C9-ADA5-2E98365058E8}"
EndProject
Project("{2150E333-8FDC-42A3-9474-1A3956D46DE8}") = "CatalogService", "CatalogService", "{684F0A10-11C4-4C47-962A-E89A1E181A02}"
EndProject
Project("{FAE04EC0-301F-11D3-BF4B-00C04F79EFBC}") = "CatalogService.Api", "src\Services\CatalogService\CatalogService.Api\CatalogService.Api.csproj", "{7382FD54-F5FD-4187-8ED3-AFB7B2AFC3BE}"
EndProject
Project("{2150E333-8FDC-42A3-9474-1A3956D46DE8}") = "IdentityService", "IdentityService", "{211F1528-387F-477C-B59A-CC8B679C1FCC}"
EndProject
Project("{FAE04EC0-301F-11D3-BF4B-00C04F79EFBC}") = "IdentityService.Api", "src\Services\IdentityService\IdentityService.Api\IdentityService.Api.csproj", "{45B06395-E4B2-4C30-909F-7016325287F2}"
EndProject
Project("{2150E333-8FDC-42A3-9474-1A3956D46DE8}") = "NotificationService", "NotificationService", "{7D59B1BD-A49E-439C-A893-A28CE1F6FC2E}"
EndProject
Project("{FAE04EC0-301F-11D3-BF4B-00C04F79EFBC}") = "NotificationService", "src\Services\NotificationService\NotificationService\NotificationService.csproj", "{35C60715-75D7-4243-8452-CF2823CF9989}"
EndProject
Project("{2150E333-8FDC-42A3-9474-1A3956D46DE8}") = "OrderService", "OrderService", "{9D84EAF9-657F-412A-BFA5-8729DCCC711A}"
EndProject
Project("{FAE04EC0-301F-11D3-BF4B-00C04F79EFBC}") = "OrderService.Domain", "src\Services\OrderService\OrderService.Domain\OrderService.Domain.csproj", "{86471560-9551-4410-A7E3-EA9AA7880985}"
EndProject
Project("{FAE04EC0-301F-11D3-BF4B-00C04F79EFBC}") = "OrderService.Infrastructure", "src\Services\OrderService\OrderService.Infrastructure\OrderService.Infrastructure.csproj", "{C26E02E6-DFF5-4519-8C7D-1A0CB61FD9A4}"
EndProject
Project("{FAE04EC0-301F-11D3-BF4B-00C04F79EFBC}") = "OrderService.Application", "src\Services\OrderService\OrderService.Application\OrderService.Application.csproj", "{F6FEE585-33AF-49C5-B115-08B9E2F98DD5}"
EndProject
Project("{FAE04EC0-301F-11D3-BF4B-00C04F79EFBC}") = "OrderService.Api", "src\Services\OrderService\OrderService.Api\OrderService.Api.csproj", "{DB181202-D20A-4084-B027-7BD3F6A4051E}"
EndProject
Project("{2150E333-8FDC-42A3-9474-1A3956D46DE8}") = "PaymentService", "PaymentService", "{A8D21E5F-21B2-4689-A879-94F183D128F5}"
EndProject
Project("{FAE04EC0-301F-11D3-BF4B-00C04F79EFBC}") = "PaymentService.Api", "src\Services\PaymentService\PaymentService.Api\PaymentService.Api.csproj", "{F6AD79D9-AE97-49F5-8345-3123D8F2BB19}"
EndProject
Global
	GlobalSection(SolutionConfigurationPlatforms) = preSolution
		Debug|Any CPU = Debug|Any CPU
		Release|Any CPU = Release|Any CPU
	EndGlobalSection
	GlobalSection(ProjectConfigurationPlatforms) = postSolution
		{097EA7F4-319B-448E-A320-D43A71D9F4B3}.Debug|Any CPU.ActiveCfg = Debug|Any CPU
		{097EA7F4-319B-448E-A320-D43A71D9F4B3}.Debug|Any CPU.Build.0 = Debug|Any CPU
		{097EA7F4-319B-448E-A320-D43A71D9F4B3}.Release|Any CPU.ActiveCfg = Release|Any CPU
		{097EA7F4-319B-448E-A320-D43A71D9F4B3}.Release|Any CPU.Build.0 = Release|Any CPU
		{EE66640B-5F67-41B6-BA6F-5B2CD29164D1}.Debug|Any CPU.ActiveCfg = Debug|Any CPU
		{EE66640B-5F67-41B6-BA6F-5B2CD29164D1}.Debug|Any CPU.Build.0 = Debug|Any CPU
		{EE66640B-5F67-41B6-BA6F-5B2CD29164D1}.Release|Any CPU.ActiveCfg = Release|Any CPU
		{EE66640B-5F67-41B6-BA6F-5B2CD29164D1}.Release|Any CPU.Build.0 = Release|Any CPU
		{85465334-C23A-4923-9C1B-3EECECD4FDFE}.Debug|Any CPU.ActiveCfg = Debug|Any CPU
		{85465334-C23A-4923-9C1B-3EECECD4FDFE}.Debug|Any CPU.Build.0 = Debug|Any CPU
		{85465334-C23A-4923-9C1B-3EECECD4FDFE}.Release|Any CPU.ActiveCfg = Release|Any CPU
		{85465334-C23A-4923-9C1B-3EECECD4FDFE}.Release|Any CPU.Build.0 = Release|Any CPU
		{6FF8279C-8954-47BF-949E-0C4C2096ACDA}.Debug|Any CPU.ActiveCfg = Debug|Any CPU
		{6FF8279C-8954-47BF-949E-0C4C2096ACDA}.Debug|Any CPU.Build.0 = Debug|Any CPU
		{6FF8279C-8954-47BF-949E-0C4C2096ACDA}.Release|Any CPU.ActiveCfg = Release|Any CPU
		{6FF8279C-8954-47BF-949E-0C4C2096ACDA}.Release|Any CPU.Build.0 = Release|Any CPU
		{F0108CF7-2DE2-4726-941E-52C87FB17BB0}.Debug|Any CPU.ActiveCfg = Debug|Any CPU
		{F0108CF7-2DE2-4726-941E-52C87FB17BB0}.Debug|Any CPU.Build.0 = Debug|Any CPU
		{F0108CF7-2DE2-4726-941E-52C87FB17BB0}.Release|Any CPU.ActiveCfg = Release|Any CPU
		{F0108CF7-2DE2-4726-941E-52C87FB17BB0}.Release|Any CPU.Build.0 = Release|Any CPU
		{E78934B7-89F4-4E7D-8E42-755E67DA4AF8}.Debug|Any CPU.ActiveCfg = Debug|Any CPU
		{E78934B7-89F4-4E7D-8E42-755E67DA4AF8}.Debug|Any CPU.Build.0 = Debug|Any CPU
		{E78934B7-89F4-4E7D-8E42-755E67DA4AF8}.Release|Any CPU.ActiveCfg = Release|Any CPU
		{E78934B7-89F4-4E7D-8E42-755E67DA4AF8}.Release|Any CPU.Build.0 = Release|Any CPU
		{A7D0FF5D-BBA4-49C9-ADA5-2E98365058E8}.Debug|Any CPU.ActiveCfg = Debug|Any CPU
		{A7D0FF5D-BBA4-49C9-ADA5-2E98365058E8}.Debug|Any CPU.Build.0 = Debug|Any CPU
		{A7D0FF5D-BBA4-49C9-ADA5-2E98365058E8}.Release|Any CPU.ActiveCfg = Release|Any CPU
		{A7D0FF5D-BBA4-49C9-ADA5-2E98365058E8}.Release|Any CPU.Build.0 = Release|Any CPU
		{7382FD54-F5FD-4187-8ED3-AFB7B2AFC3BE}.Debug|Any CPU.ActiveCfg = Debug|Any CPU
		{7382FD54-F5FD-4187-8ED3-AFB7B2AFC3BE}.Debug|Any CPU.Build.0 = Debug|Any CPU
		{7382FD54-F5FD-4187-8ED3-AFB7B2AFC3BE}.Release|Any CPU.ActiveCfg = Release|Any CPU
		{7382FD54-F5FD-4187-8ED3-AFB7B2AFC3BE}.Release|Any CPU.Build.0 = Release|Any CPU
		{45B06395-E4B2-4C30-909F-7016325287F2}.Debug|Any CPU.ActiveCfg = Debug|Any CPU
		{45B06395-E4B2-4C30-909F-7016325287F2}.Debug|Any CPU.Build.0 = Debug|Any CPU
		{45B06395-E4B2-4C30-909F-7016325287F2}.Release|Any CPU.ActiveCfg = Release|Any CPU
		{45B06395-E4B2-4C30-909F-7016325287F2}.Release|Any CPU.Build.0 = Release|Any CPU
		{35C60715-75D7-4243-8452-CF2823CF9989}.Debug|Any CPU.ActiveCfg = Debug|Any CPU
		{35C60715-75D7-4243-8452-CF2823CF9989}.Debug|Any CPU.Build.0 = Debug|Any CPU
		{35C60715-75D7-4243-8452-CF2823CF9989}.Release|Any CPU.ActiveCfg = Release|Any CPU
		{35C60715-75D7-4243-8452-CF2823CF9989}.Release|Any CPU.Build.0 = Release|Any CPU
		{86471560-9551-4410-A7E3-EA9AA7880985}.Debug|Any CPU.ActiveCfg = Debug|Any CPU
		{86471560-9551-4410-A7E3-EA9AA7880985}.Debug|Any CPU.Build.0 = Debug|Any CPU
		{86471560-9551-4410-A7E3-EA9AA7880985}.Release|Any CPU.ActiveCfg = Release|Any CPU
		{86471560-9551-4410-A7E3-EA9AA7880985}.Release|Any CPU.Build.0 = Release|Any CPU
		{C26E02E6-DFF5-4519-8C7D-1A0CB61FD9A4}.Debug|Any CPU.ActiveCfg = Debug|Any CPU
		{C26E02E6-DFF5-4519-8C7D-1A0CB61FD9A4}.Debug|Any CPU.Build.0 = Debug|Any CPU
		{C26E02E6-DFF5-4519-8C7D-1A0CB61FD9A4}.Release|Any CPU.ActiveCfg = Release|Any CPU
		{C26E02E6-DFF5-4519-8C7D-1A0CB61FD9A4}.Release|Any CPU.Build.0 = Release|Any CPU
		{F6FEE585-33AF-49C5-B115-08B9E2F98DD5}.Debug|Any CPU.ActiveCfg = Debug|Any CPU
		{F6FEE585-33AF-49C5-B115-08B9E2F98DD5}.Debug|Any CPU.Build.0 = Debug|Any CPU
		{F6FEE585-33AF-49C5-B115-08B9E2F98DD5}.Release|Any CPU.ActiveCfg = Release|Any CPU
		{F6FEE585-33AF-49C5-B115-08B9E2F98DD5}.Release|Any CPU.Build.0 = Release|Any CPU
		{DB181202-D20A-4084-B027-7BD3F6A4051E}.Debug|Any CPU.ActiveCfg = Debug|Any CPU
		{DB181202-D20A-4084-B027-7BD3F6A4051E}.Debug|Any CPU.Build.0 = Debug|Any CPU
		{DB181202-D20A-4084-B027-7BD3F6A4051E}.Release|Any CPU.ActiveCfg = Release|Any CPU
		{DB181202-D20A-4084-B027-7BD3F6A4051E}.Release|Any CPU.Build.0 = Release|Any CPU
		{F6AD79D9-AE97-49F5-8345-3123D8F2BB19}.Debug|Any CPU.ActiveCfg = Debug|Any CPU
		{F6AD79D9-AE97-49F5-8345-3123D8F2BB19}.Debug|Any CPU.Build.0 = Debug|Any CPU
		{F6AD79D9-AE97-49F5-8345-3123D8F2BB19}.Release|Any CPU.ActiveCfg = Release|Any CPU
		{F6AD79D9-AE97-49F5-8345-3123D8F2BB19}.Release|Any CPU.Build.0 = Release|Any CPU
	EndGlobalSection
	GlobalSection(SolutionProperties) = preSolution
		HideSolutionNode = FALSE
	EndGlobalSection
	GlobalSection(NestedProjects) = preSolution
		{1E4ABA28-63E0-40E4-BC59-4BB9F30D1367} = {4B7285A5-DB75-49F8-AC4B-EF279C9F0E0E}
		{BFCB6453-9B43-42C9-BE81-362DF8C9ED3E} = {4B7285A5-DB75-49F8-AC4B-EF279C9F0E0E}
		{BD45102F-5FB1-481E-A7CA-FC5E5D848020} = {4B7285A5-DB75-49F8-AC4B-EF279C9F0E0E}
		{16926BE2-4039-4EDB-B476-0F87C3517A4C} = {4B7285A5-DB75-49F8-AC4B-EF279C9F0E0E}
		{EED0CE3D-8BE1-4617-9272-4ABC23D43138} = {1E4ABA28-63E0-40E4-BC59-4BB9F30D1367}
		{097EA7F4-319B-448E-A320-D43A71D9F4B3} = {EED0CE3D-8BE1-4617-9272-4ABC23D43138}
		{948AD1F0-5C70-49BF-8005-EBF91122A826} = {BFCB6453-9B43-42C9-BE81-362DF8C9ED3E}
		{EE66640B-5F67-41B6-BA6F-5B2CD29164D1} = {948AD1F0-5C70-49BF-8005-EBF91122A826}
		{85465334-C23A-4923-9C1B-3EECECD4FDFE} = {948AD1F0-5C70-49BF-8005-EBF91122A826}
		{6FF8279C-8954-47BF-949E-0C4C2096ACDA} = {948AD1F0-5C70-49BF-8005-EBF91122A826}
		{F0108CF7-2DE2-4726-941E-52C87FB17BB0} = {948AD1F0-5C70-49BF-8005-EBF91122A826}
		{6FAC6888-9F28-42B2-A8DB-925B94C1A6DA} = {16926BE2-4039-4EDB-B476-0F87C3517A4C}
		{E78934B7-89F4-4E7D-8E42-755E67DA4AF8} = {6FAC6888-9F28-42B2-A8DB-925B94C1A6DA}
		{C2705D8A-A6C0-43A5-9EC1-6A879A435B0D} = {BD45102F-5FB1-481E-A7CA-FC5E5D848020}
		{A7D0FF5D-BBA4-49C9-ADA5-2E98365058E8} = {C2705D8A-A6C0-43A5-9EC1-6A879A435B0D}
		{684F0A10-11C4-4C47-962A-E89A1E181A02} = {BD45102F-5FB1-481E-A7CA-FC5E5D848020}
		{7382FD54-F5FD-4187-8ED3-AFB7B2AFC3BE} = {684F0A10-11C4-4C47-962A-E89A1E181A02}
		{211F1528-387F-477C-B59A-CC8B679C1FCC} = {BD45102F-5FB1-481E-A7CA-FC5E5D848020}
		{45B06395-E4B2-4C30-909F-7016325287F2} = {211F1528-387F-477C-B59A-CC8B679C1FCC}
		{7D59B1BD-A49E-439C-A893-A28CE1F6FC2E} = {BD45102F-5FB1-481E-A7CA-FC5E5D848020}
		{35C60715-75D7-4243-8452-CF2823CF9989} = {7D59B1BD-A49E-439C-A893-A28CE1F6FC2E}
		{9D84EAF9-657F-412A-BFA5-8729DCCC711A} = {BD45102F-5FB1-481E-A7CA-FC5E5D848020}
		{86471560-9551-4410-A7E3-EA9AA7880985} = {9D84EAF9-657F-412A-BFA5-8729DCCC711A}
		{C26E02E6-DFF5-4519-8C7D-1A0CB61FD9A4} = {9D84EAF9-657F-412A-BFA5-8729DCCC711A}
		{F6FEE585-33AF-49C5-B115-08B9E2F98DD5} = {9D84EAF9-657F-412A-BFA5-8729DCCC711A}
		{DB181202-D20A-4084-B027-7BD3F6A4051E} = {9D84EAF9-657F-412A-BFA5-8729DCCC711A}
		{A8D21E5F-21B2-4689-A879-94F183D128F5} = {BD45102F-5FB1-481E-A7CA-FC5E5D848020}
		{F6AD79D9-AE97-49F5-8345-3123D8F2BB19} = {A8D21E5F-21B2-4689-A879-94F183D128F5}
	EndGlobalSection
	GlobalSection(ExtensibilityGlobals) = postSolution
		SolutionGuid = {F85B51BF-267C-4E04-8653-7E379869CADA}
	EndGlobalSection
EndGlobal
